
Microsoft Visual Studio Solution File, Format Version 12.00
# Visual Studio 15
VisualStudioVersion = 15.0.28307.757
MinimumVisualStudioVersion = 10.0.40219.1
Project("{FAE04EC0-301F-11D3-BF4B-00C04F79EFBC}") = "HMS.BusinessLayer", "HMS.BusinessLayer\HMS.BusinessLayer.csproj", "{5432A3D4-00D1-4379-B0B6-349C80AB2FD1}"
EndProject
Project("{FAE04EC0-301F-11D3-BF4B-00C04F79EFBC}") = "HMS.DataAccessLayer", "HMS.DataAccessLayer\HMS.DataAccessLayer.csproj", "{DEB8895C-85F5-46FD-BFDD-04C08CE25860}"
EndProject
Project("{FAE04EC0-301F-11D3-BF4B-00C04F79EFBC}") = "HMS.Entities", "HMS.Entities\HMS.Entities.csproj", "{FC318137-121D-4D11-93C9-89D02AE78463}"
EndProject
Project("{FAE04EC0-301F-11D3-BF4B-00C04F79EFBC}") = "HMS.Exceptions", "HMS.Exceptions\HMS.Exceptions.csproj", "{9FA6FD4E-3E6C-425F-8007-CEE04D7DEEC8}"
EndProject
Project("{FAE04EC0-301F-11D3-BF4B-00C04F79EFBC}") = "HMS.WPF", "HMS.WPF\HMS.WPF.csproj", "{35265776-275B-4EC6-945D-9408D44F9980}"
EndProject
Global
	GlobalSection(SolutionConfigurationPlatforms) = preSolution
		Debug|Any CPU = Debug|Any CPU
		Release|Any CPU = Release|Any CPU
	EndGlobalSection
	GlobalSection(ProjectConfigurationPlatforms) = postSolution
		{5432A3D4-00D1-4379-B0B6-349C80AB2FD1}.Debug|Any CPU.ActiveCfg = Debug|Any CPU
		{5432A3D4-00D1-4379-B0B6-349C80AB2FD1}.Debug|Any CPU.Build.0 = Debug|Any CPU
		{5432A3D4-00D1-4379-B0B6-349C80AB2FD1}.Release|Any CPU.ActiveCfg = Release|Any CPU
		{5432A3D4-00D1-4379-B0B6-349C80AB2FD1}.Release|Any CPU.Build.0 = Release|Any CPU
		{DEB8895C-85F5-46FD-BFDD-04C08CE25860}.Debug|Any CPU.ActiveCfg = Debug|Any CPU
		{DEB8895C-85F5-46FD-BFDD-04C08CE25860}.Debug|Any CPU.Build.0 = Debug|Any CPU
		{DEB8895C-85F5-46FD-BFDD-04C08CE25860}.Release|Any CPU.ActiveCfg = Release|Any CPU
		{DEB8895C-85F5-46FD-BFDD-04C08CE25860}.Release|Any CPU.Build.0 = Release|Any CPU
		{FC318137-121D-4D11-93C9-89D02AE78463}.Debug|Any CPU.ActiveCfg = Debug|Any CPU
		{FC318137-121D-4D11-93C9-89D02AE78463}.Debug|Any CPU.Build.0 = Debug|Any CPU
		{FC318137-121D-4D11-93C9-89D02AE78463}.Release|Any CPU.ActiveCfg = Release|Any CPU
		{FC318137-121D-4D11-93C9-89D02AE78463}.Release|Any CPU.Build.0 = Release|Any CPU
		{9FA6FD4E-3E6C-425F-8007-CEE04D7DEEC8}.Debug|Any CPU.ActiveCfg = Debug|Any CPU
		{9FA6FD4E-3E6C-425F-8007-CEE04D7DEEC8}.Debug|Any CPU.Build.0 = Debug|Any CPU
		{9FA6FD4E-3E6C-425F-8007-CEE04D7DEEC8}.Release|Any CPU.ActiveCfg = Release|Any CPU
		{9FA6FD4E-3E6C-425F-8007-CEE04D7DEEC8}.Release|Any CPU.Build.0 = Release|Any CPU
		{35265776-275B-4EC6-945D-9408D44F9980}.Debug|Any CPU.ActiveCfg = Debug|Any CPU
		{35265776-275B-4EC6-945D-9408D44F9980}.Debug|Any CPU.Build.0 = Debug|Any CPU
		{35265776-275B-4EC6-945D-9408D44F9980}.Release|Any CPU.ActiveCfg = Release|Any CPU
		{35265776-275B-4EC6-945D-9408D44F9980}.Release|Any CPU.Build.0 = Release|Any CPU
	EndGlobalSection
	GlobalSection(SolutionProperties) = preSolution
		HideSolutionNode = FALSE
	EndGlobalSection
	GlobalSection(ExtensibilityGlobals) = postSolution
		SolutionGuid = {99D17996-1E57-4D7D-B80A-557DD350CDBE}
	EndGlobalSection
EndGlobal
